
Microsoft Visual Studio Solution File, Format Version 12.00
# Visual Studio Version 16
VisualStudioVersion = 16.0.31605.320
MinimumVisualStudioVersion = 10.0.40219.1
Project("{9A19103F-16F7-4668-BE54-9A1E7A4F7556}") = "Book_Shop", "Book_Shop\Book_Shop.csproj", "{D0085813-C1F9-4C8A-98C7-39D6A3801707}"
EndProject
Project("{FAE04EC0-301F-11D3-BF4B-00C04F79EFBC}") = "Book-Shop-Test", "Book-Shop-Test\Book-Shop-Test.csproj", "{B57D421E-E796-47D9-8E8D-6667C380D185}"
EndProject
Global
	GlobalSection(SolutionConfigurationPlatforms) = preSolution
		Debug|Any CPU = Debug|Any CPU
		Release|Any CPU = Release|Any CPU
	EndGlobalSection
	GlobalSection(ProjectConfigurationPlatforms) = postSolution
		{D0085813-C1F9-4C8A-98C7-39D6A3801707}.Debug|Any CPU.ActiveCfg = Debug|Any CPU
		{D0085813-C1F9-4C8A-98C7-39D6A3801707}.Debug|Any CPU.Build.0 = Debug|Any CPU
		{D0085813-C1F9-4C8A-98C7-39D6A3801707}.Release|Any CPU.ActiveCfg = Release|Any CPU
		{D0085813-C1F9-4C8A-98C7-39D6A3801707}.Release|Any CPU.Build.0 = Release|Any CPU
		{B57D421E-E796-47D9-8E8D-6667C380D185}.Debug|Any CPU.ActiveCfg = Debug|Any CPU
		{B57D421E-E796-47D9-8E8D-6667C380D185}.Debug|Any CPU.Build.0 = Debug|Any CPU
		{B57D421E-E796-47D9-8E8D-6667C380D185}.Release|Any CPU.ActiveCfg = Release|Any CPU
		{B57D421E-E796-47D9-8E8D-6667C380D185}.Release|Any CPU.Build.0 = Release|Any CPU
	EndGlobalSection
	GlobalSection(SolutionProperties) = preSolution
		HideSolutionNode = FALSE
	EndGlobalSection
	GlobalSection(ExtensibilityGlobals) = postSolution
		SolutionGuid = {63F9D69B-189E-4098-9BFA-C8D280463CC2}
	EndGlobalSection
EndGlobal
